// !$*UTF8*$!
{
	archiveVersion = 1;
	classes = {
	};
	objectVersion = 55;
	objects = {

/* Begin PBXBuildFile section */
		3F862D6B28F3A4B800B6D634 /* AppDelegate.swift in Sources */ = {isa = PBXBuildFile; fileRef = 3F862D6A28F3A4B800B6D634 /* AppDelegate.swift */; };
		3F862D6D28F3A4B800B6D634 /* SceneDelegate.swift in Sources */ = {isa = PBXBuildFile; fileRef = 3F862D6C28F3A4B800B6D634 /* SceneDelegate.swift */; };
		3F862D6F28F3A4B800B6D634 /* ViewController.swift in Sources */ = {isa = PBXBuildFile; fileRef = 3F862D6E28F3A4B800B6D634 /* ViewController.swift */; };
		3F862D7228F3A4B800B6D634 /* Main.storyboard in Resources */ = {isa = PBXBuildFile; fileRef = 3F862D7028F3A4B800B6D634 /* Main.storyboard */; };
		3F862D7428F3A4BA00B6D634 /* Assets.xcassets in Resources */ = {isa = PBXBuildFile; fileRef = 3F862D7328F3A4BA00B6D634 /* Assets.xcassets */; };
		3F862D7728F3A4BA00B6D634 /* LaunchScreen.storyboard in Resources */ = {isa = PBXBuildFile; fileRef = 3F862D7528F3A4BA00B6D634 /* LaunchScreen.storyboard */; };
		3F862D8228F3A4BA00B6D634 /* BookwormTests.swift in Sources */ = {isa = PBXBuildFile; fileRef = 3F862D8128F3A4BA00B6D634 /* BookwormTests.swift */; };
		3F862D8C28F3A4BA00B6D634 /* BookwormUITests.swift in Sources */ = {isa = PBXBuildFile; fileRef = 3F862D8B28F3A4BA00B6D634 /* BookwormUITests.swift */; };
		3F862D8E28F3A4BA00B6D634 /* BookwormUITestsLaunchTests.swift in Sources */ = {isa = PBXBuildFile; fileRef = 3F862D8D28F3A4BA00B6D634 /* BookwormUITestsLaunchTests.swift */; };
/* End PBXBuildFile section */

/* Begin PBXContainerItemProxy section */
		3F862D7E28F3A4BA00B6D634 /* PBXContainerItemProxy */ = {
			isa = PBXContainerItemProxy;
			containerPortal = 3F862D5F28F3A4B800B6D634 /* Project object */;
			proxyType = 1;
			remoteGlobalIDString = 3F862D6628F3A4B800B6D634;
			remoteInfo = Bookworm;
		};
		3F862D8828F3A4BA00B6D634 /* PBXContainerItemProxy */ = {
			isa = PBXContainerItemProxy;
			containerPortal = 3F862D5F28F3A4B800B6D634 /* Project object */;
			proxyType = 1;
			remoteGlobalIDString = 3F862D6628F3A4B800B6D634;
			remoteInfo = Bookworm;
		};
/* End PBXContainerItemProxy section */

/* Begin PBXFileReference section */
		3F862D6728F3A4B800B6D634 /* Bookworm.app */ = {isa = PBXFileReference; explicitFileType = wrapper.application; includeInIndex = 0; path = Bookworm.app; sourceTree = BUILT_PRODUCTS_DIR; };
		3F862D6A28F3A4B800B6D634 /* AppDelegate.swift */ = {isa = PBXFileReference; lastKnownFileType = sourcecode.swift; path = AppDelegate.swift; sourceTree = "<group>"; };
		3F862D6C28F3A4B800B6D634 /* SceneDelegate.swift */ = {isa = PBXFileReference; lastKnownFileType = sourcecode.swift; path = SceneDelegate.swift; sourceTree = "<group>"; };
		3F862D6E28F3A4B800B6D634 /* ViewController.swift */ = {isa = PBXFileReference; lastKnownFileType = sourcecode.swift; path = ViewController.swift; sourceTree = "<group>"; };
		3F862D7128F3A4B800B6D634 /* Base */ = {isa = PBXFileReference; lastKnownFileType = file.storyboard; name = Base; path = Base.lproj/Main.storyboard; sourceTree = "<group>"; };
		3F862D7328F3A4BA00B6D634 /* Assets.xcassets */ = {isa = PBXFileReference; lastKnownFileType = folder.assetcatalog; path = Assets.xcassets; sourceTree = "<group>"; };
		3F862D7628F3A4BA00B6D634 /* Base */ = {isa = PBXFileReference; lastKnownFileType = file.storyboard; name = Base; path = Base.lproj/LaunchScreen.storyboard; sourceTree = "<group>"; };
		3F862D7828F3A4BA00B6D634 /* Info.plist */ = {isa = PBXFileReference; lastKnownFileType = text.plist.xml; path = Info.plist; sourceTree = "<group>"; };
		3F862D7D28F3A4BA00B6D634 /* BookwormTests.xctest */ = {isa = PBXFileReference; explicitFileType = wrapper.cfbundle; includeInIndex = 0; path = BookwormTests.xctest; sourceTree = BUILT_PRODUCTS_DIR; };
		3F862D8128F3A4BA00B6D634 /* BookwormTests.swift */ = {isa = PBXFileReference; lastKnownFileType = sourcecode.swift; path = BookwormTests.swift; sourceTree = "<group>"; };
		3F862D8728F3A4BA00B6D634 /* BookwormUITests.xctest */ = {isa = PBXFileReference; explicitFileType = wrapper.cfbundle; includeInIndex = 0; path = BookwormUITests.xctest; sourceTree = BUILT_PRODUCTS_DIR; };
		3F862D8B28F3A4BA00B6D634 /* BookwormUITests.swift */ = {isa = PBXFileReference; lastKnownFileType = sourcecode.swift; path = BookwormUITests.swift; sourceTree = "<group>"; };
		3F862D8D28F3A4BA00B6D634 /* BookwormUITestsLaunchTests.swift */ = {isa = PBXFileReference; lastKnownFileType = sourcecode.swift; path = BookwormUITestsLaunchTests.swift; sourceTree = "<group>"; };
/* End PBXFileReference section */

/* Begin PBXFrameworksBuildPhase section */
		3F862D6428F3A4B800B6D634 /* Frameworks */ = {
			isa = PBXFrameworksBuildPhase;
			buildActionMask = 2147483647;
			files = (
			);
			runOnlyForDeploymentPostprocessing = 0;
		};
		3F862D7A28F3A4BA00B6D634 /* Frameworks */ = {
			isa = PBXFrameworksBuildPhase;
			buildActionMask = 2147483647;
			files = (
			);
			runOnlyForDeploymentPostprocessing = 0;
		};
		3F862D8428F3A4BA00B6D634 /* Frameworks */ = {
			isa = PBXFrameworksBuildPhase;
			buildActionMask = 2147483647;
			files = (
			);
			runOnlyForDeploymentPostprocessing = 0;
		};
/* End PBXFrameworksBuildPhase section */

/* Begin PBXGroup section */
		3F862D5E28F3A4B800B6D634 = {
			isa = PBXGroup;
			children = (
				3F862D6928F3A4B800B6D634 /* Bookworm */,
				3F862D8028F3A4BA00B6D634 /* BookwormTests */,
				3F862D8A28F3A4BA00B6D634 /* BookwormUITests */,
				3F862D6828F3A4B800B6D634 /* Products */,
			);
			sourceTree = "<group>";
		};
		3F862D6828F3A4B800B6D634 /* Products */ = {
			isa = PBXGroup;
			children = (
				3F862D6728F3A4B800B6D634 /* Bookworm.app */,
				3F862D7D28F3A4BA00B6D634 /* BookwormTests.xctest */,
				3F862D8728F3A4BA00B6D634 /* BookwormUITests.xctest */,
			);
			name = Products;
			sourceTree = "<group>";
		};
		3F862D6928F3A4B800B6D634 /* Bookworm */ = {
			isa = PBXGroup;
			children = (
				3F862D6A28F3A4B800B6D634 /* AppDelegate.swift */,
				3F862D6C28F3A4B800B6D634 /* SceneDelegate.swift */,
				3F862D6E28F3A4B800B6D634 /* ViewController.swift */,
				3F862D7028F3A4B800B6D634 /* Main.storyboard */,
				3F862D7328F3A4BA00B6D634 /* Assets.xcassets */,
				3F862D7528F3A4BA00B6D634 /* LaunchScreen.storyboard */,
				3F862D7828F3A4BA00B6D634 /* Info.plist */,
			);
			path = Bookworm;
			sourceTree = "<group>";
		};
		3F862D8028F3A4BA00B6D634 /* BookwormTests */ = {
			isa = PBXGroup;
			children = (
				3F862D8128F3A4BA00B6D634 /* BookwormTests.swift */,
			);
			path = BookwormTests;
			sourceTree = "<group>";
		};
		3F862D8A28F3A4BA00B6D634 /* BookwormUITests */ = {
			isa = PBXGroup;
			children = (
				3F862D8B28F3A4BA00B6D634 /* BookwormUITests.swift */,
				3F862D8D28F3A4BA00B6D634 /* BookwormUITestsLaunchTests.swift */,
			);
			path = BookwormUITests;
			sourceTree = "<group>";
		};
/* End PBXGroup section */

/* Begin PBXNativeTarget section */
		3F862D6628F3A4B800B6D634 /* Bookworm */ = {
			isa = PBXNativeTarget;
			buildConfigurationList = 3F862D9128F3A4BA00B6D634 /* Build configuration list for PBXNativeTarget "Bookworm" */;
			buildPhases = (
				3F862D6328F3A4B800B6D634 /* Sources */,
				3F862D6428F3A4B800B6D634 /* Frameworks */,
				3F862D6528F3A4B800B6D634 /* Resources */,
			);
			buildRules = (
			);
			dependencies = (
			);
			name = Bookworm;
			productName = Bookworm;
			productReference = 3F862D6728F3A4B800B6D634 /* Bookworm.app */;
			productType = "com.apple.product-type.application";
		};
		3F862D7C28F3A4BA00B6D634 /* BookwormTests */ = {
			isa = PBXNativeTarget;
			buildConfigurationList = 3F862D9428F3A4BA00B6D634 /* Build configuration list for PBXNativeTarget "BookwormTests" */;
			buildPhases = (
				3F862D7928F3A4BA00B6D634 /* Sources */,
				3F862D7A28F3A4BA00B6D634 /* Frameworks */,
				3F862D7B28F3A4BA00B6D634 /* Resources */,
			);
			buildRules = (
			);
			dependencies = (
				3F862D7F28F3A4BA00B6D634 /* PBXTargetDependency */,
			);
			name = BookwormTests;
			productName = BookwormTests;
			productReference = 3F862D7D28F3A4BA00B6D634 /* BookwormTests.xctest */;
			productType = "com.apple.product-type.bundle.unit-test";
		};
		3F862D8628F3A4BA00B6D634 /* BookwormUITests */ = {
			isa = PBXNativeTarget;
			buildConfigurationList = 3F862D9728F3A4BA00B6D634 /* Build configuration list for PBXNativeTarget "BookwormUITests" */;
			buildPhases = (
				3F862D8328F3A4BA00B6D634 /* Sources */,
				3F862D8428F3A4BA00B6D634 /* Frameworks */,
				3F862D8528F3A4BA00B6D634 /* Resources */,
			);
			buildRules = (
			);
			dependencies = (
				3F862D8928F3A4BA00B6D634 /* PBXTargetDependency */,
			);
			name = BookwormUITests;
			productName = BookwormUITests;
			productReference = 3F862D8728F3A4BA00B6D634 /* BookwormUITests.xctest */;
			productType = "com.apple.product-type.bundle.ui-testing";
		};
/* End PBXNativeTarget section */

/* Begin PBXProject section */
		3F862D5F28F3A4B800B6D634 /* Project object */ = {
			isa = PBXProject;
			attributes = {
				BuildIndependentTargetsInParallel = 1;
				LastSwiftUpdateCheck = 1340;
				LastUpgradeCheck = 1340;
				TargetAttributes = {
					3F862D6628F3A4B800B6D634 = {
						CreatedOnToolsVersion = 13.4.1;
					};
					3F862D7C28F3A4BA00B6D634 = {
						CreatedOnToolsVersion = 13.4.1;
						TestTargetID = 3F862D6628F3A4B800B6D634;
					};
					3F862D8628F3A4BA00B6D634 = {
						CreatedOnToolsVersion = 13.4.1;
						TestTargetID = 3F862D6628F3A4B800B6D634;
					};
				};
			};
			buildConfigurationList = 3F862D6228F3A4B800B6D634 /* Build configuration list for PBXProject "Bookworm" */;
			compatibilityVersion = "Xcode 13.0";
			developmentRegion = en;
			hasScannedForEncodings = 0;
			knownRegions = (
				en,
				Base,
			);
			mainGroup = 3F862D5E28F3A4B800B6D634;
			productRefGroup = 3F862D6828F3A4B800B6D634 /* Products */;
			projectDirPath = "";
			projectRoot = "";
			targets = (
				3F862D6628F3A4B800B6D634 /* Bookworm */,
				3F862D7C28F3A4BA00B6D634 /* BookwormTests */,
				3F862D8628F3A4BA00B6D634 /* BookwormUITests */,
			);
		};
/* End PBXProject section */

/* Begin PBXResourcesBuildPhase section */
		3F862D6528F3A4B800B6D634 /* Resources */ = {
			isa = PBXResourcesBuildPhase;
			buildActionMask = 2147483647;
			files = (
				3F862D7728F3A4BA00B6D634 /* LaunchScreen.storyboard in Resources */,
				3F862D7428F3A4BA00B6D634 /* Assets.xcassets in Resources */,
				3F862D7228F3A4B800B6D634 /* Main.storyboard in Resources */,
			);
			runOnlyForDeploymentPostprocessing = 0;
		};
		3F862D7B28F3A4BA00B6D634 /* Resources */ = {
			isa = PBXResourcesBuildPhase;
			buildActionMask = 2147483647;
			files = (
			);
			runOnlyForDeploymentPostprocessing = 0;
		};
		3F862D8528F3A4BA00B6D634 /* Resources */ = {
			isa = PBXResourcesBuildPhase;
			buildActionMask = 2147483647;
			files = (
			);
			runOnlyForDeploymentPostprocessing = 0;
		};
/* End PBXResourcesBuildPhase section */

/* Begin PBXSourcesBuildPhase section */
		3F862D6328F3A4B800B6D634 /* Sources */ = {
			isa = PBXSourcesBuildPhase;
			buildActionMask = 2147483647;
			files = (
				3F862D6F28F3A4B800B6D634 /* ViewController.swift in Sources */,
				3F862D6B28F3A4B800B6D634 /* AppDelegate.swift in Sources */,
				3F862D6D28F3A4B800B6D634 /* SceneDelegate.swift in Sources */,
			);
			runOnlyForDeploymentPostprocessing = 0;
		};
		3F862D7928F3A4BA00B6D634 /* Sources */ = {
			isa = PBXSourcesBuildPhase;
			buildActionMask = 2147483647;
			files = (
				3F862D8228F3A4BA00B6D634 /* BookwormTests.swift in Sources */,
			);
			runOnlyForDeploymentPostprocessing = 0;
		};
		3F862D8328F3A4BA00B6D634 /* Sources */ = {
			isa = PBXSourcesBuildPhase;
			buildActionMask = 2147483647;
			files = (
				3F862D8E28F3A4BA00B6D634 /* BookwormUITestsLaunchTests.swift in Sources */,
				3F862D8C28F3A4BA00B6D634 /* BookwormUITests.swift in Sources */,
			);
			runOnlyForDeploymentPostprocessing = 0;
		};
/* End PBXSourcesBuildPhase section */

/* Begin PBXTargetDependency section */
		3F862D7F28F3A4BA00B6D634 /* PBXTargetDependency */ = {
			isa = PBXTargetDependency;
			target = 3F862D6628F3A4B800B6D634 /* Bookworm */;
			targetProxy = 3F862D7E28F3A4BA00B6D634 /* PBXContainerItemProxy */;
		};
		3F862D8928F3A4BA00B6D634 /* PBXTargetDependency */ = {
			isa = PBXTargetDependency;
			target = 3F862D6628F3A4B800B6D634 /* Bookworm */;
			targetProxy = 3F862D8828F3A4BA00B6D634 /* PBXContainerItemProxy */;
		};
/* End PBXTargetDependency section */

/* Begin PBXVariantGroup section */
		3F862D7028F3A4B800B6D634 /* Main.storyboard */ = {
			isa = PBXVariantGroup;
			children = (
				3F862D7128F3A4B800B6D634 /* Base */,
			);
			name = Main.storyboard;
			sourceTree = "<group>";
		};
		3F862D7528F3A4BA00B6D634 /* LaunchScreen.storyboard */ = {
			isa = PBXVariantGroup;
			children = (
				3F862D7628F3A4BA00B6D634 /* Base */,
			);
			name = LaunchScreen.storyboard;
			sourceTree = "<group>";
		};
/* End PBXVariantGroup section */

/* Begin XCBuildConfiguration section */
		3F862D8F28F3A4BA00B6D634 /* Debug */ = {
			isa = XCBuildConfiguration;
			buildSettings = {
				ALWAYS_SEARCH_USER_PATHS = NO;
				CLANG_ANALYZER_NONNULL = YES;
				CLANG_ANALYZER_NUMBER_OBJECT_CONVERSION = YES_AGGRESSIVE;
				CLANG_CXX_LANGUAGE_STANDARD = "gnu++17";
				CLANG_ENABLE_MODULES = YES;
				CLANG_ENABLE_OBJC_ARC = YES;
				CLANG_ENABLE_OBJC_WEAK = YES;
				CLANG_WARN_BLOCK_CAPTURE_AUTORELEASING = YES;
				CLANG_WARN_BOOL_CONVERSION = YES;
				CLANG_WARN_COMMA = YES;
				CLANG_WARN_CONSTANT_CONVERSION = YES;
				CLANG_WARN_DEPRECATED_OBJC_IMPLEMENTATIONS = YES;
				CLANG_WARN_DIRECT_OBJC_ISA_USAGE = YES_ERROR;
				CLANG_WARN_DOCUMENTATION_COMMENTS = YES;
				CLANG_WARN_EMPTY_BODY = YES;
				CLANG_WARN_ENUM_CONVERSION = YES;
				CLANG_WARN_INFINITE_RECURSION = YES;
				CLANG_WARN_INT_CONVERSION = YES;
				CLANG_WARN_NON_LITERAL_NULL_CONVERSION = YES;
				CLANG_WARN_OBJC_IMPLICIT_RETAIN_SELF = YES;
				CLANG_WARN_OBJC_LITERAL_CONVERSION = YES;
				CLANG_WARN_OBJC_ROOT_CLASS = YES_ERROR;
				CLANG_WARN_QUOTED_INCLUDE_IN_FRAMEWORK_HEADER = YES;
				CLANG_WARN_RANGE_LOOP_ANALYSIS = YES;
				CLANG_WARN_STRICT_PROTOTYPES = YES;
				CLANG_WARN_SUSPICIOUS_MOVE = YES;
				CLANG_WARN_UNGUARDED_AVAILABILITY = YES_AGGRESSIVE;
				CLANG_WARN_UNREACHABLE_CODE = YES;
				CLANG_WARN__DUPLICATE_METHOD_MATCH = YES;
				COPY_PHASE_STRIP = NO;
				DEBUG_INFORMATION_FORMAT = dwarf;
				ENABLE_STRICT_OBJC_MSGSEND = YES;
				ENABLE_TESTABILITY = YES;
				GCC_C_LANGUAGE_STANDARD = gnu11;
				GCC_DYNAMIC_NO_PIC = NO;
				GCC_NO_COMMON_BLOCKS = YES;
				GCC_OPTIMIZATION_LEVEL = 0;
				GCC_PREPROCESSOR_DEFINITIONS = (
					"DEBUG=1",
					"$(inherited)",
				);
				GCC_WARN_64_TO_32_BIT_CONVERSION = YES;
				GCC_WARN_ABOUT_RETURN_TYPE = YES_ERROR;
				GCC_WARN_UNDECLARED_SELECTOR = YES;
				GCC_WARN_UNINITIALIZED_AUTOS = YES_AGGRESSIVE;
				GCC_WARN_UNUSED_FUNCTION = YES;
				GCC_WARN_UNUSED_VARIABLE = YES;
				IPHONEOS_DEPLOYMENT_TARGET = 15.5;
				MTL_ENABLE_DEBUG_INFO = INCLUDE_SOURCE;
				MTL_FAST_MATH = YES;
				ONLY_ACTIVE_ARCH = YES;
				SDKROOT = iphoneos;
				SWIFT_ACTIVE_COMPILATION_CONDITIONS = DEBUG;
				SWIFT_OPTIMIZATION_LEVEL = "-Onone";
			};
			name = Debug;
		};
		3F862D9028F3A4BA00B6D634 /* Release */ = {
			isa = XCBuildConfiguration;
			buildSettings = {
				ALWAYS_SEARCH_USER_PATHS = NO;
				CLANG_ANALYZER_NONNULL = YES;
				CLANG_ANALYZER_NUMBER_OBJECT_CONVERSION = YES_AGGRESSIVE;
				CLANG_CXX_LANGUAGE_STANDARD = "gnu++17";
				CLANG_ENABLE_MODULES = YES;
				CLANG_ENABLE_OBJC_ARC = YES;
				CLANG_ENABLE_OBJC_WEAK = YES;
				CLANG_WARN_BLOCK_CAPTURE_AUTORELEASING = YES;
				CLANG_WARN_BOOL_CONVERSION = YES;
				CLANG_WARN_COMMA = YES;
				CLANG_WARN_CONSTANT_CONVERSION = YES;
				CLANG_WARN_DEPRECATED_OBJC_IMPLEMENTATIONS = YES;
				CLANG_WARN_DIRECT_OBJC_ISA_USAGE = YES_ERROR;
				CLANG_WARN_DOCUMENTATION_COMMENTS = YES;
				CLANG_WARN_EMPTY_BODY = YES;
				CLANG_WARN_ENUM_CONVERSION = YES;
				CLANG_WARN_INFINITE_RECURSION = YES;
				CLANG_WARN_INT_CONVERSION = YES;
				CLANG_WARN_NON_LITERAL_NULL_CONVERSION = YES;
				CLANG_WARN_OBJC_IMPLICIT_RETAIN_SELF = YES;
				CLANG_WARN_OBJC_LITERAL_CONVERSION = YES;
				CLANG_WARN_OBJC_ROOT_CLASS = YES_ERROR;
				CLANG_WARN_QUOTED_INCLUDE_IN_FRAMEWORK_HEADER = YES;
				CLANG_WARN_RANGE_LOOP_ANALYSIS = YES;
				CLANG_WARN_STRICT_PROTOTYPES = YES;
				CLANG_WARN_SUSPICIOUS_MOVE = YES;
				CLANG_WARN_UNGUARDED_AVAILABILITY = YES_AGGRESSIVE;
				CLANG_WARN_UNREACHABLE_CODE = YES;
				CLANG_WARN__DUPLICATE_METHOD_MATCH = YES;
				COPY_PHASE_STRIP = NO;
				DEBUG_INFORMATION_FORMAT = "dwarf-with-dsym";
				ENABLE_NS_ASSERTIONS = NO;
				ENABLE_STRICT_OBJC_MSGSEND = YES;
				GCC_C_LANGUAGE_STANDARD = gnu11;
				GCC_NO_COMMON_BLOCKS = YES;
				GCC_WARN_64_TO_32_BIT_CONVERSION = YES;
				GCC_WARN_ABOUT_RETURN_TYPE = YES_ERROR;
				GCC_WARN_UNDECLARED_SELECTOR = YES;
				GCC_WARN_UNINITIALIZED_AUTOS = YES_AGGRESSIVE;
				GCC_WARN_UNUSED_FUNCTION = YES;
				GCC_WARN_UNUSED_VARIABLE = YES;
				IPHONEOS_DEPLOYMENT_TARGET = 15.5;
				MTL_ENABLE_DEBUG_INFO = NO;
				MTL_FAST_MATH = YES;
				SDKROOT = iphoneos;
				SWIFT_COMPILATION_MODE = wholemodule;
				SWIFT_OPTIMIZATION_LEVEL = "-O";
				VALIDATE_PRODUCT = YES;
			};
			name = Release;
		};
		3F862D9228F3A4BA00B6D634 /* Debug */ = {
			isa = XCBuildConfiguration;
			buildSettings = {
				ASSETCATALOG_COMPILER_APPICON_NAME = AppIcon;
				ASSETCATALOG_COMPILER_GLOBAL_ACCENT_COLOR_NAME = AccentColor;
				CODE_SIGN_STYLE = Automatic;
				CURRENT_PROJECT_VERSION = 1;
				DEVELOPMENT_TEAM = 77S6ZLYVB2;
				GENERATE_INFOPLIST_FILE = YES;
				INFOPLIST_FILE = Bookworm/Info.plist;
				INFOPLIST_KEY_UIApplicationSupportsIndirectInputEvents = YES;
				INFOPLIST_KEY_UILaunchStoryboardName = LaunchScreen;
				INFOPLIST_KEY_UIMainStoryboardFile = Main;
				INFOPLIST_KEY_UISupportedInterfaceOrientations_iPad = "UIInterfaceOrientationPortrait UIInterfaceOrientationPortraitUpsideDown UIInterfaceOrientationLandscapeLeft UIInterfaceOrientationLandscapeRight";
				INFOPLIST_KEY_UISupportedInterfaceOrientations_iPhone = "UIInterfaceOrientationPortrait UIInterfaceOrientationLandscapeLeft UIInterfaceOrientationLandscapeRight";
				LD_RUNPATH_SEARCH_PATHS = (
					"$(inherited)",
					"@executable_path/Frameworks",
				);
				MARKETING_VERSION = 1.0;
				PRODUCT_BUNDLE_IDENTIFIER = com.huy.Bookworm;
				PRODUCT_NAME = "$(TARGET_NAME)";
				SWIFT_EMIT_LOC_STRINGS = YES;
				SWIFT_VERSION = 5.0;
				TARGETED_DEVICE_FAMILY = "1,2";
			};
			name = Debug;
		};
		3F862D9328F3A4BA00B6D634 /* Release */ = {
			isa = XCBuildConfiguration;
			buildSettings = {
				ASSETCATALOG_COMPILER_APPICON_NAME = AppIcon;
				ASSETCATALOG_COMPILER_GLOBAL_ACCENT_COLOR_NAME = AccentColor;
				CODE_SIGN_STYLE = Automatic;
				CURRENT_PROJECT_VERSION = 1;
				DEVELOPMENT_TEAM = 77S6ZLYVB2;
				GENERATE_INFOPLIST_FILE = YES;
				INFOPLIST_FILE = Bookworm/Info.plist;
				INFOPLIST_KEY_UIApplicationSupportsIndirectInputEvents = YES;
				INFOPLIST_KEY_UILaunchStoryboardName = LaunchScreen;
				INFOPLIST_KEY_UIMainStoryboardFile = Main;
				INFOPLIST_KEY_UISupportedInterfaceOrientations_iPad = "UIInterfaceOrientationPortrait UIInterfaceOrientationPortraitUpsideDown UIInterfaceOrientationLandscapeLeft UIInterfaceOrientationLandscapeRight";
				INFOPLIST_KEY_UISupportedInterfaceOrientations_iPhone = "UIInterfaceOrientationPortrait UIInterfaceOrientationLandscapeLeft UIInterfaceOrientationLandscapeRight";
				LD_RUNPATH_SEARCH_PATHS = (
					"$(inherited)",
					"@executable_path/Frameworks",
				);
				MARKETING_VERSION = 1.0;
				PRODUCT_BUNDLE_IDENTIFIER = com.huy.Bookworm;
				PRODUCT_NAME = "$(TARGET_NAME)";
				SWIFT_EMIT_LOC_STRINGS = YES;
				SWIFT_VERSION = 5.0;
				TARGETED_DEVICE_FAMILY = "1,2";
			};
			name = Release;
		};
		3F862D9528F3A4BA00B6D634 /* Debug */ = {
			isa = XCBuildConfiguration;
			buildSettings = {
				ALWAYS_EMBED_SWIFT_STANDARD_LIBRARIES = YES;
				BUNDLE_LOADER = "$(TEST_HOST)";
				CODE_SIGN_STYLE = Automatic;
				CURRENT_PROJECT_VERSION = 1;
				DEVELOPMENT_TEAM = 77S6ZLYVB2;
				GENERATE_INFOPLIST_FILE = YES;
				IPHONEOS_DEPLOYMENT_TARGET = 15.5;
				MARKETING_VERSION = 1.0;
				PRODUCT_BUNDLE_IDENTIFIER = com.huy.BookwormTests;
				PRODUCT_NAME = "$(TARGET_NAME)";
				SWIFT_EMIT_LOC_STRINGS = NO;
				SWIFT_VERSION = 5.0;
				TARGETED_DEVICE_FAMILY = "1,2";
				TEST_HOST = "$(BUILT_PRODUCTS_DIR)/Bookworm.app/Bookworm";
			};
			name = Debug;
		};
		3F862D9628F3A4BA00B6D634 /* Release */ = {
			isa = XCBuildConfiguration;
			buildSettings = {
				ALWAYS_EMBED_SWIFT_STANDARD_LIBRARIES = YES;
				BUNDLE_LOADER = "$(TEST_HOST)";
				CODE_SIGN_STYLE = Automatic;
				CURRENT_PROJECT_VERSION = 1;
				DEVELOPMENT_TEAM = 77S6ZLYVB2;
				GENERATE_INFOPLIST_FILE = YES;
				IPHONEOS_DEPLOYMENT_TARGET = 15.5;
				MARKETING_VERSION = 1.0;
				PRODUCT_BUNDLE_IDENTIFIER = com.huy.BookwormTests;
				PRODUCT_NAME = "$(TARGET_NAME)";
				SWIFT_EMIT_LOC_STRINGS = NO;
				SWIFT_VERSION = 5.0;
				TARGETED_DEVICE_FAMILY = "1,2";
				TEST_HOST = "$(BUILT_PRODUCTS_DIR)/Bookworm.app/Bookworm";
			};
			name = Release;
		};
		3F862D9828F3A4BA00B6D634 /* Debug */ = {
			isa = XCBuildConfiguration;
			buildSettings = {
				ALWAYS_EMBED_SWIFT_STANDARD_LIBRARIES = YES;
				CODE_SIGN_STYLE = Automatic;
				CURRENT_PROJECT_VERSION = 1;
				DEVELOPMENT_TEAM = 77S6ZLYVB2;
				GENERATE_INFOPLIST_FILE = YES;
				MARKETING_VERSION = 1.0;
				PRODUCT_BUNDLE_IDENTIFIER = com.huy.BookwormUITests;
				PRODUCT_NAME = "$(TARGET_NAME)";
				SWIFT_EMIT_LOC_STRINGS = NO;
				SWIFT_VERSION = 5.0;
				TARGETED_DEVICE_FAMILY = "1,2";
				TEST_TARGET_NAME = Bookworm;
			};
			name = Debug;
		};
		3F862D9928F3A4BA00B6D634 /* Release */ = {
			isa = XCBuildConfiguration;
			buildSettings = {
				ALWAYS_EMBED_SWIFT_STANDARD_LIBRARIES = YES;
				CODE_SIGN_STYLE = Automatic;
				CURRENT_PROJECT_VERSION = 1;
				DEVELOPMENT_TEAM = 77S6ZLYVB2;
				GENERATE_INFOPLIST_FILE = YES;
				MARKETING_VERSION = 1.0;
				PRODUCT_BUNDLE_IDENTIFIER = com.huy.BookwormUITests;
				PRODUCT_NAME = "$(TARGET_NAME)";
				SWIFT_EMIT_LOC_STRINGS = NO;
				SWIFT_VERSION = 5.0;
				TARGETED_DEVICE_FAMILY = "1,2";
				TEST_TARGET_NAME = Bookworm;
			};
			name = Release;
		};
/* End XCBuildConfiguration section */

/* Begin XCConfigurationList section */
		3F862D6228F3A4B800B6D634 /* Build configuration list for PBXProject "Bookworm" */ = {
			isa = XCConfigurationList;
			buildConfigurations = (
				3F862D8F28F3A4BA00B6D634 /* Debug */,
				3F862D9028F3A4BA00B6D634 /* Release */,
			);
			defaultConfigurationIsVisible = 0;
			defaultConfigurationName = Release;
		};
		3F862D9128F3A4BA00B6D634 /* Build configuration list for PBXNativeTarget "Bookworm" */ = {
			isa = XCConfigurationList;
			buildConfigurations = (
				3F862D9228F3A4BA00B6D634 /* Debug */,
				3F862D9328F3A4BA00B6D634 /* Release */,
			);
			defaultConfigurationIsVisible = 0;
			defaultConfigurationName = Release;
		};
		3F862D9428F3A4BA00B6D634 /* Build configuration list for PBXNativeTarget "BookwormTests" */ = {
			isa = XCConfigurationList;
			buildConfigurations = (
				3F862D9528F3A4BA00B6D634 /* Debug */,
				3F862D9628F3A4BA00B6D634 /* Release */,
			);
			defaultConfigurationIsVisible = 0;
			defaultConfigurationName = Release;
		};
		3F862D9728F3A4BA00B6D634 /* Build configuration list for PBXNativeTarget "BookwormUITests" */ = {
			isa = XCConfigurationList;
			buildConfigurations = (
				3F862D9828F3A4BA00B6D634 /* Debug */,
				3F862D9928F3A4BA00B6D634 /* Release */,
			);
			defaultConfigurationIsVisible = 0;
			defaultConfigurationName = Release;
		};
/* End XCConfigurationList section */
	};
	rootObject = 3F862D5F28F3A4B800B6D634 /* Project object */;
}
