// !$*UTF8*$!
{
	archiveVersion = 1;
	classes = {
	};
	objectVersion = 56;
	objects = {

/* Begin PBXBuildFile section */
		3F0D102E290AEAF500E2411F /* FreeDictionaryAPI.swift in Sources */ = {isa = PBXBuildFile; fileRef = 3F0D102D290AEAF500E2411F /* FreeDictionaryAPI.swift */; };
		3F2535762908E8250094B23A /* FlashcardCell.swift in Sources */ = {isa = PBXBuildFile; fileRef = 3F2535752908E8240094B23A /* FlashcardCell.swift */; };
		3F25357C2908EE860094B23A /* FlashcardsViewController.swift in Sources */ = {isa = PBXBuildFile; fileRef = 3F25357B2908EE860094B23A /* FlashcardsViewController.swift */; };
		3F25357E2908EEA80094B23A /* DeckStore.swift in Sources */ = {isa = PBXBuildFile; fileRef = 3F25357D2908EEA80094B23A /* DeckStore.swift */; };
		3F25359A2908F7D80094B23A /* FlashcardDataSource.swift in Sources */ = {isa = PBXBuildFile; fileRef = 3F2535992908F7D80094B23A /* FlashcardDataSource.swift */; };
		3F25359E290905BB0094B23A /* DecksViewController.swift in Sources */ = {isa = PBXBuildFile; fileRef = 3F25359D290905BB0094B23A /* DecksViewController.swift */; };
		3F2535A0290906C60094B23A /* DeckCell.swift in Sources */ = {isa = PBXBuildFile; fileRef = 3F25359F290906C60094B23A /* DeckCell.swift */; };
		3F2535A229090AF70094B23A /* DeckDataSource.swift in Sources */ = {isa = PBXBuildFile; fileRef = 3F2535A129090AF70094B23A /* DeckDataSource.swift */; };
		3F376D6C29061B4100DAA761 /* ImageStore.swift in Sources */ = {isa = PBXBuildFile; fileRef = 3F376D6B29061B4100DAA761 /* ImageStore.swift */; };
		3F4138E9290484CA00B229B0 /* Main.storyboard in Resources */ = {isa = PBXBuildFile; fileRef = 3F862D7028F3A4B800B6D634 /* Main.storyboard */; };
		3F4215FE2904C01400F7E6A1 /* Bookworm.xcdatamodeld in Sources */ = {isa = PBXBuildFile; fileRef = 3F4215FC2904C01400F7E6A1 /* Bookworm.xcdatamodeld */; };
		3F43F637290B806E0072514F /* EntriesViewController.swift in Sources */ = {isa = PBXBuildFile; fileRef = 3F43F636290B806E0072514F /* EntriesViewController.swift */; };
		3F43F639290B80860072514F /* EntryStore.swift in Sources */ = {isa = PBXBuildFile; fileRef = 3F43F638290B80860072514F /* EntryStore.swift */; };
		3F43F63B290B820C0072514F /* EntryCell.swift in Sources */ = {isa = PBXBuildFile; fileRef = 3F43F63A290B820C0072514F /* EntryCell.swift */; };
		3F76970F2909EAC800799399 /* FlashcardAddViewController.swift in Sources */ = {isa = PBXBuildFile; fileRef = 3F76970E2909EAC800799399 /* FlashcardAddViewController.swift */; };
		3F862D6B28F3A4B800B6D634 /* AppDelegate.swift in Sources */ = {isa = PBXBuildFile; fileRef = 3F862D6A28F3A4B800B6D634 /* AppDelegate.swift */; };
		3F862D6D28F3A4B800B6D634 /* SceneDelegate.swift in Sources */ = {isa = PBXBuildFile; fileRef = 3F862D6C28F3A4B800B6D634 /* SceneDelegate.swift */; };
		3F862D6F28F3A4B800B6D634 /* LibraryViewController.swift in Sources */ = {isa = PBXBuildFile; fileRef = 3F862D6E28F3A4B800B6D634 /* LibraryViewController.swift */; };
		3F862D7428F3A4BA00B6D634 /* Assets.xcassets in Resources */ = {isa = PBXBuildFile; fileRef = 3F862D7328F3A4BA00B6D634 /* Assets.xcassets */; };
		3F862D7728F3A4BA00B6D634 /* LaunchScreen.storyboard in Resources */ = {isa = PBXBuildFile; fileRef = 3F862D7528F3A4BA00B6D634 /* LaunchScreen.storyboard */; };
		3F862D8228F3A4BA00B6D634 /* BookwormTests.swift in Sources */ = {isa = PBXBuildFile; fileRef = 3F862D8128F3A4BA00B6D634 /* BookwormTests.swift */; };
		3F862D8C28F3A4BA00B6D634 /* BookwormUITests.swift in Sources */ = {isa = PBXBuildFile; fileRef = 3F862D8B28F3A4BA00B6D634 /* BookwormUITests.swift */; };
		3F862D8E28F3A4BA00B6D634 /* BookwormUITestsLaunchTests.swift in Sources */ = {isa = PBXBuildFile; fileRef = 3F862D8D28F3A4BA00B6D634 /* BookwormUITestsLaunchTests.swift */; };
		3F862D9B28F5E3BF00B6D634 /* ReaderViewController.swift in Sources */ = {isa = PBXBuildFile; fileRef = 3F862D9A28F5E3BF00B6D634 /* ReaderViewController.swift */; };
		3FC00C1928FF1B9E00B32BAC /* DocumentDataSource.swift in Sources */ = {isa = PBXBuildFile; fileRef = 3FC00C1828FF1B9E00B32BAC /* DocumentDataSource.swift */; };
		3FC00C1B28FF1C5400B32BAC /* DocumentCell.swift in Sources */ = {isa = PBXBuildFile; fileRef = 3FC00C1A28FF1C5400B32BAC /* DocumentCell.swift */; };
		3FC00C1D28FF1D7200B32BAC /* DocumentStore.swift in Sources */ = {isa = PBXBuildFile; fileRef = 3FC00C1C28FF1D7200B32BAC /* DocumentStore.swift */; };
/* End PBXBuildFile section */

/* Begin PBXContainerItemProxy section */
		3F862D7E28F3A4BA00B6D634 /* PBXContainerItemProxy */ = {
			isa = PBXContainerItemProxy;
			containerPortal = 3F862D5F28F3A4B800B6D634 /* Project object */;
			proxyType = 1;
			remoteGlobalIDString = 3F862D6628F3A4B800B6D634;
			remoteInfo = Bookworm;
		};
		3F862D8828F3A4BA00B6D634 /* PBXContainerItemProxy */ = {
			isa = PBXContainerItemProxy;
			containerPortal = 3F862D5F28F3A4B800B6D634 /* Project object */;
			proxyType = 1;
			remoteGlobalIDString = 3F862D6628F3A4B800B6D634;
			remoteInfo = Bookworm;
		};
/* End PBXContainerItemProxy section */

/* Begin PBXFileReference section */
		3F0D102D290AEAF500E2411F /* FreeDictionaryAPI.swift */ = {isa = PBXFileReference; lastKnownFileType = sourcecode.swift; path = FreeDictionaryAPI.swift; sourceTree = "<group>"; };
		3F2535752908E8240094B23A /* FlashcardCell.swift */ = {isa = PBXFileReference; lastKnownFileType = sourcecode.swift; path = FlashcardCell.swift; sourceTree = "<group>"; };
		3F25357B2908EE860094B23A /* FlashcardsViewController.swift */ = {isa = PBXFileReference; lastKnownFileType = sourcecode.swift; path = FlashcardsViewController.swift; sourceTree = "<group>"; };
		3F25357D2908EEA80094B23A /* DeckStore.swift */ = {isa = PBXFileReference; lastKnownFileType = sourcecode.swift; path = DeckStore.swift; sourceTree = "<group>"; };
		3F2535992908F7D80094B23A /* FlashcardDataSource.swift */ = {isa = PBXFileReference; lastKnownFileType = sourcecode.swift; path = FlashcardDataSource.swift; sourceTree = "<group>"; };
		3F25359D290905BB0094B23A /* DecksViewController.swift */ = {isa = PBXFileReference; lastKnownFileType = sourcecode.swift; path = DecksViewController.swift; sourceTree = "<group>"; };
		3F25359F290906C60094B23A /* DeckCell.swift */ = {isa = PBXFileReference; lastKnownFileType = sourcecode.swift; path = DeckCell.swift; sourceTree = "<group>"; };
		3F2535A129090AF70094B23A /* DeckDataSource.swift */ = {isa = PBXFileReference; lastKnownFileType = sourcecode.swift; path = DeckDataSource.swift; sourceTree = "<group>"; };
		3F376D6B29061B4100DAA761 /* ImageStore.swift */ = {isa = PBXFileReference; lastKnownFileType = sourcecode.swift; path = ImageStore.swift; sourceTree = "<group>"; };
		3F4215FD2904C01400F7E6A1 /* Bookworm.xcdatamodel */ = {isa = PBXFileReference; lastKnownFileType = wrapper.xcdatamodel; path = Bookworm.xcdatamodel; sourceTree = "<group>"; };
		3F43F636290B806E0072514F /* EntriesViewController.swift */ = {isa = PBXFileReference; lastKnownFileType = sourcecode.swift; path = EntriesViewController.swift; sourceTree = "<group>"; };
		3F43F638290B80860072514F /* EntryStore.swift */ = {isa = PBXFileReference; lastKnownFileType = sourcecode.swift; path = EntryStore.swift; sourceTree = "<group>"; };
		3F43F63A290B820C0072514F /* EntryCell.swift */ = {isa = PBXFileReference; lastKnownFileType = sourcecode.swift; path = EntryCell.swift; sourceTree = "<group>"; };
		3F76970E2909EAC800799399 /* FlashcardAddViewController.swift */ = {isa = PBXFileReference; lastKnownFileType = sourcecode.swift; path = FlashcardAddViewController.swift; sourceTree = "<group>"; };
		3F862D6728F3A4B800B6D634 /* Bookworm.app */ = {isa = PBXFileReference; explicitFileType = wrapper.application; includeInIndex = 0; path = Bookworm.app; sourceTree = BUILT_PRODUCTS_DIR; };
		3F862D6A28F3A4B800B6D634 /* AppDelegate.swift */ = {isa = PBXFileReference; lastKnownFileType = sourcecode.swift; path = AppDelegate.swift; sourceTree = "<group>"; };
		3F862D6C28F3A4B800B6D634 /* SceneDelegate.swift */ = {isa = PBXFileReference; lastKnownFileType = sourcecode.swift; path = SceneDelegate.swift; sourceTree = "<group>"; };
		3F862D6E28F3A4B800B6D634 /* LibraryViewController.swift */ = {isa = PBXFileReference; lastKnownFileType = sourcecode.swift; path = LibraryViewController.swift; sourceTree = "<group>"; };
		3F862D7128F3A4B800B6D634 /* Base */ = {isa = PBXFileReference; lastKnownFileType = file.storyboard; name = Base; path = Base.lproj/Main.storyboard; sourceTree = "<group>"; };
		3F862D7328F3A4BA00B6D634 /* Assets.xcassets */ = {isa = PBXFileReference; lastKnownFileType = folder.assetcatalog; path = Assets.xcassets; sourceTree = "<group>"; };
		3F862D7628F3A4BA00B6D634 /* Base */ = {isa = PBXFileReference; lastKnownFileType = file.storyboard; name = Base; path = Base.lproj/LaunchScreen.storyboard; sourceTree = "<group>"; };
		3F862D7828F3A4BA00B6D634 /* Info.plist */ = {isa = PBXFileReference; lastKnownFileType = text.plist.xml; path = Info.plist; sourceTree = "<group>"; };
		3F862D7D28F3A4BA00B6D634 /* BookwormTests.xctest */ = {isa = PBXFileReference; explicitFileType = wrapper.cfbundle; includeInIndex = 0; path = BookwormTests.xctest; sourceTree = BUILT_PRODUCTS_DIR; };
		3F862D8128F3A4BA00B6D634 /* BookwormTests.swift */ = {isa = PBXFileReference; lastKnownFileType = sourcecode.swift; path = BookwormTests.swift; sourceTree = "<group>"; };
		3F862D8728F3A4BA00B6D634 /* BookwormUITests.xctest */ = {isa = PBXFileReference; explicitFileType = wrapper.cfbundle; includeInIndex = 0; path = BookwormUITests.xctest; sourceTree = BUILT_PRODUCTS_DIR; };
		3F862D8B28F3A4BA00B6D634 /* BookwormUITests.swift */ = {isa = PBXFileReference; lastKnownFileType = sourcecode.swift; path = BookwormUITests.swift; sourceTree = "<group>"; };
		3F862D8D28F3A4BA00B6D634 /* BookwormUITestsLaunchTests.swift */ = {isa = PBXFileReference; lastKnownFileType = sourcecode.swift; path = BookwormUITestsLaunchTests.swift; sourceTree = "<group>"; };
		3F862D9A28F5E3BF00B6D634 /* ReaderViewController.swift */ = {isa = PBXFileReference; lastKnownFileType = sourcecode.swift; path = ReaderViewController.swift; sourceTree = "<group>"; };
		3FC00C1828FF1B9E00B32BAC /* DocumentDataSource.swift */ = {isa = PBXFileReference; lastKnownFileType = sourcecode.swift; path = DocumentDataSource.swift; sourceTree = "<group>"; };
		3FC00C1A28FF1C5400B32BAC /* DocumentCell.swift */ = {isa = PBXFileReference; lastKnownFileType = sourcecode.swift; path = DocumentCell.swift; sourceTree = "<group>"; };
		3FC00C1C28FF1D7200B32BAC /* DocumentStore.swift */ = {isa = PBXFileReference; lastKnownFileType = sourcecode.swift; path = DocumentStore.swift; sourceTree = "<group>"; };
/* End PBXFileReference section */

/* Begin PBXFrameworksBuildPhase section */
		3F862D6428F3A4B800B6D634 /* Frameworks */ = {
			isa = PBXFrameworksBuildPhase;
			buildActionMask = 2147483647;
			files = (
			);
			runOnlyForDeploymentPostprocessing = 0;
		};
		3F862D7A28F3A4BA00B6D634 /* Frameworks */ = {
			isa = PBXFrameworksBuildPhase;
			buildActionMask = 2147483647;
			files = (
			);
			runOnlyForDeploymentPostprocessing = 0;
		};
		3F862D8428F3A4BA00B6D634 /* Frameworks */ = {
			isa = PBXFrameworksBuildPhase;
			buildActionMask = 2147483647;
			files = (
			);
			runOnlyForDeploymentPostprocessing = 0;
		};
/* End PBXFrameworksBuildPhase section */

/* Begin PBXGroup section */
		3F4216002904C19700F7E6A1 /* Views */ = {
			isa = PBXGroup;
			children = (
				3F862D6E28F3A4B800B6D634 /* LibraryViewController.swift */,
				3F862D9A28F5E3BF00B6D634 /* ReaderViewController.swift */,
				3FC00C1A28FF1C5400B32BAC /* DocumentCell.swift */,
				3F2535752908E8240094B23A /* FlashcardCell.swift */,
				3F43F63A290B820C0072514F /* EntryCell.swift */,
				3F25357B2908EE860094B23A /* FlashcardsViewController.swift */,
				3F25359D290905BB0094B23A /* DecksViewController.swift */,
				3F25359F290906C60094B23A /* DeckCell.swift */,
				3F76970E2909EAC800799399 /* FlashcardAddViewController.swift */,
				3F43F636290B806E0072514F /* EntriesViewController.swift */,
			);
			path = Views;
			sourceTree = "<group>";
		};
		3F4216052904C28C00F7E6A1 /* Data */ = {
			isa = PBXGroup;
			children = (
				3F4215FC2904C01400F7E6A1 /* Bookworm.xcdatamodeld */,
				3F43F638290B80860072514F /* EntryStore.swift */,
				3F376D6B29061B4100DAA761 /* ImageStore.swift */,
				3FC00C1C28FF1D7200B32BAC /* DocumentStore.swift */,
				3FC00C1828FF1B9E00B32BAC /* DocumentDataSource.swift */,
				3F25357D2908EEA80094B23A /* DeckStore.swift */,
				3F2535A129090AF70094B23A /* DeckDataSource.swift */,
				3F2535992908F7D80094B23A /* FlashcardDataSource.swift */,
			);
			path = Data;
			sourceTree = "<group>";
		};
		3F43F634290B711D0072514F /* Libraries */ = {
			isa = PBXGroup;
			children = (
				3F0D102D290AEAF500E2411F /* FreeDictionaryAPI.swift */,
			);
			path = Libraries;
			sourceTree = "<group>";
		};
		3F862D5E28F3A4B800B6D634 = {
			isa = PBXGroup;
			children = (
				3F862D6928F3A4B800B6D634 /* Bookworm */,
				3F862D8028F3A4BA00B6D634 /* BookwormTests */,
				3F862D8A28F3A4BA00B6D634 /* BookwormUITests */,
				3F862D6828F3A4B800B6D634 /* Products */,
			);
			sourceTree = "<group>";
		};
		3F862D6828F3A4B800B6D634 /* Products */ = {
			isa = PBXGroup;
			children = (
				3F862D6728F3A4B800B6D634 /* Bookworm.app */,
				3F862D7D28F3A4BA00B6D634 /* BookwormTests.xctest */,
				3F862D8728F3A4BA00B6D634 /* BookwormUITests.xctest */,
			);
			name = Products;
			sourceTree = "<group>";
		};
		3F862D6928F3A4B800B6D634 /* Bookworm */ = {
			isa = PBXGroup;
			children = (
				3F43F634290B711D0072514F /* Libraries */,
				3F4216052904C28C00F7E6A1 /* Data */,
				3F4216002904C19700F7E6A1 /* Views */,
				3F862D6A28F3A4B800B6D634 /* AppDelegate.swift */,
				3F862D6C28F3A4B800B6D634 /* SceneDelegate.swift */,
				3F862D7028F3A4B800B6D634 /* Main.storyboard */,
				3F862D7328F3A4BA00B6D634 /* Assets.xcassets */,
				3F862D7528F3A4BA00B6D634 /* LaunchScreen.storyboard */,
				3F862D7828F3A4BA00B6D634 /* Info.plist */,
			);
			path = Bookworm;
			sourceTree = "<group>";
		};
		3F862D8028F3A4BA00B6D634 /* BookwormTests */ = {
			isa = PBXGroup;
			children = (
				3F862D8128F3A4BA00B6D634 /* BookwormTests.swift */,
			);
			path = BookwormTests;
			sourceTree = "<group>";
		};
		3F862D8A28F3A4BA00B6D634 /* BookwormUITests */ = {
			isa = PBXGroup;
			children = (
				3F862D8B28F3A4BA00B6D634 /* BookwormUITests.swift */,
				3F862D8D28F3A4BA00B6D634 /* BookwormUITestsLaunchTests.swift */,
			);
			path = BookwormUITests;
			sourceTree = "<group>";
		};
/* End PBXGroup section */

/* Begin PBXNativeTarget section */
		3F862D6628F3A4B800B6D634 /* Bookworm */ = {
			isa = PBXNativeTarget;
			buildConfigurationList = 3F862D9128F3A4BA00B6D634 /* Build configuration list for PBXNativeTarget "Bookworm" */;
			buildPhases = (
				3F862D6328F3A4B800B6D634 /* Sources */,
				3F862D6428F3A4B800B6D634 /* Frameworks */,
				3F862D6528F3A4B800B6D634 /* Resources */,
			);
			buildRules = (
			);
			dependencies = (
			);
			name = Bookworm;
			productName = Bookworm;
			productReference = 3F862D6728F3A4B800B6D634 /* Bookworm.app */;
			productType = "com.apple.product-type.application";
		};
		3F862D7C28F3A4BA00B6D634 /* BookwormTests */ = {
			isa = PBXNativeTarget;
			buildConfigurationList = 3F862D9428F3A4BA00B6D634 /* Build configuration list for PBXNativeTarget "BookwormTests" */;
			buildPhases = (
				3F862D7928F3A4BA00B6D634 /* Sources */,
				3F862D7A28F3A4BA00B6D634 /* Frameworks */,
				3F862D7B28F3A4BA00B6D634 /* Resources */,
			);
			buildRules = (
			);
			dependencies = (
				3F862D7F28F3A4BA00B6D634 /* PBXTargetDependency */,
			);
			name = BookwormTests;
			productName = BookwormTests;
			productReference = 3F862D7D28F3A4BA00B6D634 /* BookwormTests.xctest */;
			productType = "com.apple.product-type.bundle.unit-test";
		};
		3F862D8628F3A4BA00B6D634 /* BookwormUITests */ = {
			isa = PBXNativeTarget;
			buildConfigurationList = 3F862D9728F3A4BA00B6D634 /* Build configuration list for PBXNativeTarget "BookwormUITests" */;
			buildPhases = (
				3F862D8328F3A4BA00B6D634 /* Sources */,
				3F862D8428F3A4BA00B6D634 /* Frameworks */,
				3F862D8528F3A4BA00B6D634 /* Resources */,
			);
			buildRules = (
			);
			dependencies = (
				3F862D8928F3A4BA00B6D634 /* PBXTargetDependency */,
			);
			name = BookwormUITests;
			productName = BookwormUITests;
			productReference = 3F862D8728F3A4BA00B6D634 /* BookwormUITests.xctest */;
			productType = "com.apple.product-type.bundle.ui-testing";
		};
/* End PBXNativeTarget section */

/* Begin PBXProject section */
		3F862D5F28F3A4B800B6D634 /* Project object */ = {
			isa = PBXProject;
			attributes = {
				BuildIndependentTargetsInParallel = 1;
				LastSwiftUpdateCheck = 1340;
				LastUpgradeCheck = 1340;
				TargetAttributes = {
					3F862D6628F3A4B800B6D634 = {
						CreatedOnToolsVersion = 13.4.1;
					};
					3F862D7C28F3A4BA00B6D634 = {
						CreatedOnToolsVersion = 13.4.1;
						TestTargetID = 3F862D6628F3A4B800B6D634;
					};
					3F862D8628F3A4BA00B6D634 = {
						CreatedOnToolsVersion = 13.4.1;
						TestTargetID = 3F862D6628F3A4B800B6D634;
					};
				};
			};
			buildConfigurationList = 3F862D6228F3A4B800B6D634 /* Build configuration list for PBXProject "Bookworm" */;
			compatibilityVersion = "Xcode 14.0";
			developmentRegion = en;
			hasScannedForEncodings = 0;
			knownRegions = (
				en,
				Base,
			);
			mainGroup = 3F862D5E28F3A4B800B6D634;
			productRefGroup = 3F862D6828F3A4B800B6D634 /* Products */;
			projectDirPath = "";
			projectRoot = "";
			targets = (
				3F862D6628F3A4B800B6D634 /* Bookworm */,
				3F862D7C28F3A4BA00B6D634 /* BookwormTests */,
				3F862D8628F3A4BA00B6D634 /* BookwormUITests */,
			);
		};
/* End PBXProject section */

/* Begin PBXResourcesBuildPhase section */
		3F862D6528F3A4B800B6D634 /* Resources */ = {
			isa = PBXResourcesBuildPhase;
			buildActionMask = 2147483647;
			files = (
				3F4138E9290484CA00B229B0 /* Main.storyboard in Resources */,
				3F862D7728F3A4BA00B6D634 /* LaunchScreen.storyboard in Resources */,
				3F862D7428F3A4BA00B6D634 /* Assets.xcassets in Resources */,
			);
			runOnlyForDeploymentPostprocessing = 0;
		};
		3F862D7B28F3A4BA00B6D634 /* Resources */ = {
			isa = PBXResourcesBuildPhase;
			buildActionMask = 2147483647;
			files = (
			);
			runOnlyForDeploymentPostprocessing = 0;
		};
		3F862D8528F3A4BA00B6D634 /* Resources */ = {
			isa = PBXResourcesBuildPhase;
			buildActionMask = 2147483647;
			files = (
			);
			runOnlyForDeploymentPostprocessing = 0;
		};
/* End PBXResourcesBuildPhase section */

/* Begin PBXSourcesBuildPhase section */
		3F862D6328F3A4B800B6D634 /* Sources */ = {
			isa = PBXSourcesBuildPhase;
			buildActionMask = 2147483647;
			files = (
				3F43F637290B806E0072514F /* EntriesViewController.swift in Sources */,
				3F0D102E290AEAF500E2411F /* FreeDictionaryAPI.swift in Sources */,
				3F376D6C29061B4100DAA761 /* ImageStore.swift in Sources */,
				3F43F63B290B820C0072514F /* EntryCell.swift in Sources */,
				3F4215FE2904C01400F7E6A1 /* Bookworm.xcdatamodeld in Sources */,
				3F76970F2909EAC800799399 /* FlashcardAddViewController.swift in Sources */,
				3F25357E2908EEA80094B23A /* DeckStore.swift in Sources */,
				3F862D6F28F3A4B800B6D634 /* LibraryViewController.swift in Sources */,
				3F43F639290B80860072514F /* EntryStore.swift in Sources */,
				3FC00C1D28FF1D7200B32BAC /* DocumentStore.swift in Sources */,
				3FC00C1928FF1B9E00B32BAC /* DocumentDataSource.swift in Sources */,
				3F2535A229090AF70094B23A /* DeckDataSource.swift in Sources */,
				3F862D6B28F3A4B800B6D634 /* AppDelegate.swift in Sources */,
				3F2535A0290906C60094B23A /* DeckCell.swift in Sources */,
				3F2535762908E8250094B23A /* FlashcardCell.swift in Sources */,
				3F862D6D28F3A4B800B6D634 /* SceneDelegate.swift in Sources */,
				3FC00C1B28FF1C5400B32BAC /* DocumentCell.swift in Sources */,
				3F25357C2908EE860094B23A /* FlashcardsViewController.swift in Sources */,
				3F25359A2908F7D80094B23A /* FlashcardDataSource.swift in Sources */,
				3F862D9B28F5E3BF00B6D634 /* ReaderViewController.swift in Sources */,
				3F25359E290905BB0094B23A /* DecksViewController.swift in Sources */,
			);
			runOnlyForDeploymentPostprocessing = 0;
		};
		3F862D7928F3A4BA00B6D634 /* Sources */ = {
			isa = PBXSourcesBuildPhase;
			buildActionMask = 2147483647;
			files = (
				3F862D8228F3A4BA00B6D634 /* BookwormTests.swift in Sources */,
			);
			runOnlyForDeploymentPostprocessing = 0;
		};
		3F862D8328F3A4BA00B6D634 /* Sources */ = {
			isa = PBXSourcesBuildPhase;
			buildActionMask = 2147483647;
			files = (
				3F862D8E28F3A4BA00B6D634 /* BookwormUITestsLaunchTests.swift in Sources */,
				3F862D8C28F3A4BA00B6D634 /* BookwormUITests.swift in Sources */,
			);
			runOnlyForDeploymentPostprocessing = 0;
		};
/* End PBXSourcesBuildPhase section */

/* Begin PBXTargetDependency section */
		3F862D7F28F3A4BA00B6D634 /* PBXTargetDependency */ = {
			isa = PBXTargetDependency;
			target = 3F862D6628F3A4B800B6D634 /* Bookworm */;
			targetProxy = 3F862D7E28F3A4BA00B6D634 /* PBXContainerItemProxy */;
		};
		3F862D8928F3A4BA00B6D634 /* PBXTargetDependency */ = {
			isa = PBXTargetDependency;
			target = 3F862D6628F3A4B800B6D634 /* Bookworm */;
			targetProxy = 3F862D8828F3A4BA00B6D634 /* PBXContainerItemProxy */;
		};
/* End PBXTargetDependency section */

/* Begin PBXVariantGroup section */
		3F862D7028F3A4B800B6D634 /* Main.storyboard */ = {
			isa = PBXVariantGroup;
			children = (
				3F862D7128F3A4B800B6D634 /* Base */,
			);
			name = Main.storyboard;
			sourceTree = "<group>";
		};
		3F862D7528F3A4BA00B6D634 /* LaunchScreen.storyboard */ = {
			isa = PBXVariantGroup;
			children = (
				3F862D7628F3A4BA00B6D634 /* Base */,
			);
			name = LaunchScreen.storyboard;
			sourceTree = "<group>";
		};
/* End PBXVariantGroup section */

/* Begin XCBuildConfiguration section */
		3F862D8F28F3A4BA00B6D634 /* Debug */ = {
			isa = XCBuildConfiguration;
			buildSettings = {
				ALWAYS_SEARCH_USER_PATHS = NO;
				CLANG_ANALYZER_NONNULL = YES;
				CLANG_ANALYZER_NUMBER_OBJECT_CONVERSION = YES_AGGRESSIVE;
				CLANG_CXX_LANGUAGE_STANDARD = "gnu++17";
				CLANG_ENABLE_MODULES = YES;
				CLANG_ENABLE_OBJC_ARC = YES;
				CLANG_ENABLE_OBJC_WEAK = YES;
				CLANG_WARN_BLOCK_CAPTURE_AUTORELEASING = YES;
				CLANG_WARN_BOOL_CONVERSION = YES;
				CLANG_WARN_COMMA = YES;
				CLANG_WARN_CONSTANT_CONVERSION = YES;
				CLANG_WARN_DEPRECATED_OBJC_IMPLEMENTATIONS = YES;
				CLANG_WARN_DIRECT_OBJC_ISA_USAGE = YES_ERROR;
				CLANG_WARN_DOCUMENTATION_COMMENTS = YES;
				CLANG_WARN_EMPTY_BODY = YES;
				CLANG_WARN_ENUM_CONVERSION = YES;
				CLANG_WARN_INFINITE_RECURSION = YES;
				CLANG_WARN_INT_CONVERSION = YES;
				CLANG_WARN_NON_LITERAL_NULL_CONVERSION = YES;
				CLANG_WARN_OBJC_IMPLICIT_RETAIN_SELF = YES;
				CLANG_WARN_OBJC_LITERAL_CONVERSION = YES;
				CLANG_WARN_OBJC_ROOT_CLASS = YES_ERROR;
				CLANG_WARN_QUOTED_INCLUDE_IN_FRAMEWORK_HEADER = YES;
				CLANG_WARN_RANGE_LOOP_ANALYSIS = YES;
				CLANG_WARN_STRICT_PROTOTYPES = YES;
				CLANG_WARN_SUSPICIOUS_MOVE = YES;
				CLANG_WARN_UNGUARDED_AVAILABILITY = YES_AGGRESSIVE;
				CLANG_WARN_UNREACHABLE_CODE = YES;
				CLANG_WARN__DUPLICATE_METHOD_MATCH = YES;
				COPY_PHASE_STRIP = NO;
				DEBUG_INFORMATION_FORMAT = dwarf;
				ENABLE_STRICT_OBJC_MSGSEND = YES;
				ENABLE_TESTABILITY = YES;
				GCC_C_LANGUAGE_STANDARD = gnu11;
				GCC_DYNAMIC_NO_PIC = NO;
				GCC_NO_COMMON_BLOCKS = YES;
				GCC_OPTIMIZATION_LEVEL = 0;
				GCC_PREPROCESSOR_DEFINITIONS = (
					"DEBUG=1",
					"$(inherited)",
				);
				GCC_WARN_64_TO_32_BIT_CONVERSION = YES;
				GCC_WARN_ABOUT_RETURN_TYPE = YES_ERROR;
				GCC_WARN_UNDECLARED_SELECTOR = YES;
				GCC_WARN_UNINITIALIZED_AUTOS = YES_AGGRESSIVE;
				GCC_WARN_UNUSED_FUNCTION = YES;
				GCC_WARN_UNUSED_VARIABLE = YES;
				IPHONEOS_DEPLOYMENT_TARGET = 16.0;
				MTL_ENABLE_DEBUG_INFO = INCLUDE_SOURCE;
				MTL_FAST_MATH = YES;
				ONLY_ACTIVE_ARCH = YES;
				SDKROOT = iphoneos;
				SWIFT_ACTIVE_COMPILATION_CONDITIONS = DEBUG;
				SWIFT_OPTIMIZATION_LEVEL = "-Onone";
			};
			name = Debug;
		};
		3F862D9028F3A4BA00B6D634 /* Release */ = {
			isa = XCBuildConfiguration;
			buildSettings = {
				ALWAYS_SEARCH_USER_PATHS = NO;
				CLANG_ANALYZER_NONNULL = YES;
				CLANG_ANALYZER_NUMBER_OBJECT_CONVERSION = YES_AGGRESSIVE;
				CLANG_CXX_LANGUAGE_STANDARD = "gnu++17";
				CLANG_ENABLE_MODULES = YES;
				CLANG_ENABLE_OBJC_ARC = YES;
				CLANG_ENABLE_OBJC_WEAK = YES;
				CLANG_WARN_BLOCK_CAPTURE_AUTORELEASING = YES;
				CLANG_WARN_BOOL_CONVERSION = YES;
				CLANG_WARN_COMMA = YES;
				CLANG_WARN_CONSTANT_CONVERSION = YES;
				CLANG_WARN_DEPRECATED_OBJC_IMPLEMENTATIONS = YES;
				CLANG_WARN_DIRECT_OBJC_ISA_USAGE = YES_ERROR;
				CLANG_WARN_DOCUMENTATION_COMMENTS = YES;
				CLANG_WARN_EMPTY_BODY = YES;
				CLANG_WARN_ENUM_CONVERSION = YES;
				CLANG_WARN_INFINITE_RECURSION = YES;
				CLANG_WARN_INT_CONVERSION = YES;
				CLANG_WARN_NON_LITERAL_NULL_CONVERSION = YES;
				CLANG_WARN_OBJC_IMPLICIT_RETAIN_SELF = YES;
				CLANG_WARN_OBJC_LITERAL_CONVERSION = YES;
				CLANG_WARN_OBJC_ROOT_CLASS = YES_ERROR;
				CLANG_WARN_QUOTED_INCLUDE_IN_FRAMEWORK_HEADER = YES;
				CLANG_WARN_RANGE_LOOP_ANALYSIS = YES;
				CLANG_WARN_STRICT_PROTOTYPES = YES;
				CLANG_WARN_SUSPICIOUS_MOVE = YES;
				CLANG_WARN_UNGUARDED_AVAILABILITY = YES_AGGRESSIVE;
				CLANG_WARN_UNREACHABLE_CODE = YES;
				CLANG_WARN__DUPLICATE_METHOD_MATCH = YES;
				COPY_PHASE_STRIP = NO;
				DEBUG_INFORMATION_FORMAT = "dwarf-with-dsym";
				ENABLE_NS_ASSERTIONS = NO;
				ENABLE_STRICT_OBJC_MSGSEND = YES;
				GCC_C_LANGUAGE_STANDARD = gnu11;
				GCC_NO_COMMON_BLOCKS = YES;
				GCC_WARN_64_TO_32_BIT_CONVERSION = YES;
				GCC_WARN_ABOUT_RETURN_TYPE = YES_ERROR;
				GCC_WARN_UNDECLARED_SELECTOR = YES;
				GCC_WARN_UNINITIALIZED_AUTOS = YES_AGGRESSIVE;
				GCC_WARN_UNUSED_FUNCTION = YES;
				GCC_WARN_UNUSED_VARIABLE = YES;
				IPHONEOS_DEPLOYMENT_TARGET = 16.0;
				MTL_ENABLE_DEBUG_INFO = NO;
				MTL_FAST_MATH = YES;
				SDKROOT = iphoneos;
				SWIFT_COMPILATION_MODE = wholemodule;
				SWIFT_OPTIMIZATION_LEVEL = "-O";
				VALIDATE_PRODUCT = YES;
			};
			name = Release;
		};
		3F862D9228F3A4BA00B6D634 /* Debug */ = {
			isa = XCBuildConfiguration;
			buildSettings = {
				ASSETCATALOG_COMPILER_APPICON_NAME = AppIcon;
				ASSETCATALOG_COMPILER_GLOBAL_ACCENT_COLOR_NAME = AccentColor;
				CODE_SIGN_ENTITLEMENTS = "";
				CODE_SIGN_IDENTITY = "Apple Development";
				CODE_SIGN_STYLE = Automatic;
				CURRENT_PROJECT_VERSION = 1;
				DEVELOPMENT_TEAM = 77S6ZLYVB2;
				GENERATE_INFOPLIST_FILE = YES;
				INFOPLIST_FILE = Bookworm/Info.plist;
				INFOPLIST_KEY_UIApplicationSupportsIndirectInputEvents = YES;
				INFOPLIST_KEY_UILaunchStoryboardName = LaunchScreen;
				INFOPLIST_KEY_UIMainStoryboardFile = Main;
				INFOPLIST_KEY_UISupportedInterfaceOrientations_iPad = "UIInterfaceOrientationPortrait UIInterfaceOrientationPortraitUpsideDown UIInterfaceOrientationLandscapeLeft UIInterfaceOrientationLandscapeRight";
				INFOPLIST_KEY_UISupportedInterfaceOrientations_iPhone = "UIInterfaceOrientationPortrait UIInterfaceOrientationLandscapeLeft UIInterfaceOrientationLandscapeRight";
				LD_RUNPATH_SEARCH_PATHS = (
					"$(inherited)",
					"@executable_path/Frameworks",
				);
				MARKETING_VERSION = 1.0;
				PRODUCT_BUNDLE_IDENTIFIER = com.huy.Bookworm;
				PRODUCT_NAME = "$(TARGET_NAME)";
				PROVISIONING_PROFILE_SPECIFIER = "";
				SWIFT_EMIT_LOC_STRINGS = YES;
				SWIFT_VERSION = 5.0;
				TARGETED_DEVICE_FAMILY = "1,2";
			};
			name = Debug;
		};
		3F862D9328F3A4BA00B6D634 /* Release */ = {
			isa = XCBuildConfiguration;
			buildSettings = {
				ASSETCATALOG_COMPILER_APPICON_NAME = AppIcon;
				ASSETCATALOG_COMPILER_GLOBAL_ACCENT_COLOR_NAME = AccentColor;
				CODE_SIGN_ENTITLEMENTS = "";
				CODE_SIGN_IDENTITY = "Apple Development";
				CODE_SIGN_STYLE = Automatic;
				CURRENT_PROJECT_VERSION = 1;
				DEVELOPMENT_TEAM = 77S6ZLYVB2;
				GENERATE_INFOPLIST_FILE = YES;
				INFOPLIST_FILE = Bookworm/Info.plist;
				INFOPLIST_KEY_UIApplicationSupportsIndirectInputEvents = YES;
				INFOPLIST_KEY_UILaunchStoryboardName = LaunchScreen;
				INFOPLIST_KEY_UIMainStoryboardFile = Main;
				INFOPLIST_KEY_UISupportedInterfaceOrientations_iPad = "UIInterfaceOrientationPortrait UIInterfaceOrientationPortraitUpsideDown UIInterfaceOrientationLandscapeLeft UIInterfaceOrientationLandscapeRight";
				INFOPLIST_KEY_UISupportedInterfaceOrientations_iPhone = "UIInterfaceOrientationPortrait UIInterfaceOrientationLandscapeLeft UIInterfaceOrientationLandscapeRight";
				LD_RUNPATH_SEARCH_PATHS = (
					"$(inherited)",
					"@executable_path/Frameworks",
				);
				MARKETING_VERSION = 1.0;
				PRODUCT_BUNDLE_IDENTIFIER = com.huy.Bookworm;
				PRODUCT_NAME = "$(TARGET_NAME)";
				PROVISIONING_PROFILE_SPECIFIER = "";
				SWIFT_EMIT_LOC_STRINGS = YES;
				SWIFT_VERSION = 5.0;
				TARGETED_DEVICE_FAMILY = "1,2";
			};
			name = Release;
		};
		3F862D9528F3A4BA00B6D634 /* Debug */ = {
			isa = XCBuildConfiguration;
			buildSettings = {
				ALWAYS_EMBED_SWIFT_STANDARD_LIBRARIES = YES;
				BUNDLE_LOADER = "$(TEST_HOST)";
				CODE_SIGN_STYLE = Automatic;
				CURRENT_PROJECT_VERSION = 1;
				DEVELOPMENT_TEAM = 77S6ZLYVB2;
				GENERATE_INFOPLIST_FILE = YES;
				IPHONEOS_DEPLOYMENT_TARGET = 16.0;
				MARKETING_VERSION = 1.0;
				PRODUCT_BUNDLE_IDENTIFIER = com.huy.BookwormTests;
				PRODUCT_NAME = "$(TARGET_NAME)";
				SWIFT_EMIT_LOC_STRINGS = NO;
				SWIFT_VERSION = 5.0;
				TARGETED_DEVICE_FAMILY = "1,2";
				TEST_HOST = "$(BUILT_PRODUCTS_DIR)/Bookworm.app/Bookworm";
			};
			name = Debug;
		};
		3F862D9628F3A4BA00B6D634 /* Release */ = {
			isa = XCBuildConfiguration;
			buildSettings = {
				ALWAYS_EMBED_SWIFT_STANDARD_LIBRARIES = YES;
				BUNDLE_LOADER = "$(TEST_HOST)";
				CODE_SIGN_STYLE = Automatic;
				CURRENT_PROJECT_VERSION = 1;
				DEVELOPMENT_TEAM = 77S6ZLYVB2;
				GENERATE_INFOPLIST_FILE = YES;
				IPHONEOS_DEPLOYMENT_TARGET = 16.0;
				MARKETING_VERSION = 1.0;
				PRODUCT_BUNDLE_IDENTIFIER = com.huy.BookwormTests;
				PRODUCT_NAME = "$(TARGET_NAME)";
				SWIFT_EMIT_LOC_STRINGS = NO;
				SWIFT_VERSION = 5.0;
				TARGETED_DEVICE_FAMILY = "1,2";
				TEST_HOST = "$(BUILT_PRODUCTS_DIR)/Bookworm.app/Bookworm";
			};
			name = Release;
		};
		3F862D9828F3A4BA00B6D634 /* Debug */ = {
			isa = XCBuildConfiguration;
			buildSettings = {
				ALWAYS_EMBED_SWIFT_STANDARD_LIBRARIES = YES;
				CODE_SIGN_STYLE = Automatic;
				CURRENT_PROJECT_VERSION = 1;
				DEVELOPMENT_TEAM = 77S6ZLYVB2;
				GENERATE_INFOPLIST_FILE = YES;
				MARKETING_VERSION = 1.0;
				PRODUCT_BUNDLE_IDENTIFIER = com.huy.BookwormUITests;
				PRODUCT_NAME = "$(TARGET_NAME)";
				SWIFT_EMIT_LOC_STRINGS = NO;
				SWIFT_VERSION = 5.0;
				TARGETED_DEVICE_FAMILY = "1,2";
				TEST_TARGET_NAME = Bookworm;
			};
			name = Debug;
		};
		3F862D9928F3A4BA00B6D634 /* Release */ = {
			isa = XCBuildConfiguration;
			buildSettings = {
				ALWAYS_EMBED_SWIFT_STANDARD_LIBRARIES = YES;
				CODE_SIGN_STYLE = Automatic;
				CURRENT_PROJECT_VERSION = 1;
				DEVELOPMENT_TEAM = 77S6ZLYVB2;
				GENERATE_INFOPLIST_FILE = YES;
				MARKETING_VERSION = 1.0;
				PRODUCT_BUNDLE_IDENTIFIER = com.huy.BookwormUITests;
				PRODUCT_NAME = "$(TARGET_NAME)";
				SWIFT_EMIT_LOC_STRINGS = NO;
				SWIFT_VERSION = 5.0;
				TARGETED_DEVICE_FAMILY = "1,2";
				TEST_TARGET_NAME = Bookworm;
			};
			name = Release;
		};
/* End XCBuildConfiguration section */

/* Begin XCConfigurationList section */
		3F862D6228F3A4B800B6D634 /* Build configuration list for PBXProject "Bookworm" */ = {
			isa = XCConfigurationList;
			buildConfigurations = (
				3F862D8F28F3A4BA00B6D634 /* Debug */,
				3F862D9028F3A4BA00B6D634 /* Release */,
			);
			defaultConfigurationIsVisible = 0;
			defaultConfigurationName = Release;
		};
		3F862D9128F3A4BA00B6D634 /* Build configuration list for PBXNativeTarget "Bookworm" */ = {
			isa = XCConfigurationList;
			buildConfigurations = (
				3F862D9228F3A4BA00B6D634 /* Debug */,
				3F862D9328F3A4BA00B6D634 /* Release */,
			);
			defaultConfigurationIsVisible = 0;
			defaultConfigurationName = Release;
		};
		3F862D9428F3A4BA00B6D634 /* Build configuration list for PBXNativeTarget "BookwormTests" */ = {
			isa = XCConfigurationList;
			buildConfigurations = (
				3F862D9528F3A4BA00B6D634 /* Debug */,
				3F862D9628F3A4BA00B6D634 /* Release */,
			);
			defaultConfigurationIsVisible = 0;
			defaultConfigurationName = Release;
		};
		3F862D9728F3A4BA00B6D634 /* Build configuration list for PBXNativeTarget "BookwormUITests" */ = {
			isa = XCConfigurationList;
			buildConfigurations = (
				3F862D9828F3A4BA00B6D634 /* Debug */,
				3F862D9928F3A4BA00B6D634 /* Release */,
			);
			defaultConfigurationIsVisible = 0;
			defaultConfigurationName = Release;
		};
/* End XCConfigurationList section */

/* Begin XCVersionGroup section */
		3F4215FC2904C01400F7E6A1 /* Bookworm.xcdatamodeld */ = {
			isa = XCVersionGroup;
			children = (
				3F4215FD2904C01400F7E6A1 /* Bookworm.xcdatamodel */,
			);
			currentVersion = 3F4215FD2904C01400F7E6A1 /* Bookworm.xcdatamodel */;
			path = Bookworm.xcdatamodeld;
			sourceTree = "<group>";
			versionGroupType = wrapper.xcdatamodel;
		};
/* End XCVersionGroup section */
	};
	rootObject = 3F862D5F28F3A4B800B6D634 /* Project object */;
}
